
Microsoft Visual Studio Solution File, Format Version 12.00
# Visual Studio Version 17
VisualStudioVersion = 17.1.32414.318
MinimumVisualStudioVersion = 10.0.40219.1
Project("{FAE04EC0-301F-11D3-BF4B-00C04F79EFBC}") = "MyIterator", "MyIterator\MyIterator.csproj", "{04C7C567-497F-4AB5-A76B-A0D92635CADE}"
EndProject
Global
	GlobalSection(SolutionConfigurationPlatforms) = preSolution
		Debug|Any CPU = Debug|Any CPU
		Release|Any CPU = Release|Any CPU
	EndGlobalSection
	GlobalSection(ProjectConfigurationPlatforms) = postSolution
		{04C7C567-497F-4AB5-A76B-A0D92635CADE}.Debug|Any CPU.ActiveCfg = Debug|Any CPU
		{04C7C567-497F-4AB5-A76B-A0D92635CADE}.Debug|Any CPU.Build.0 = Debug|Any CPU
		{04C7C567-497F-4AB5-A76B-A0D92635CADE}.Release|Any CPU.ActiveCfg = Release|Any CPU
		{04C7C567-497F-4AB5-A76B-A0D92635CADE}.Release|Any CPU.Build.0 = Release|Any CPU
	EndGlobalSection
	GlobalSection(SolutionProperties) = preSolution
		HideSolutionNode = FALSE
	EndGlobalSection
	GlobalSection(ExtensibilityGlobals) = postSolution
		SolutionGuid = {54DCDE2B-024B-4E26-AF69-FC4B7445BA8F}
	EndGlobalSection
EndGlobal
